
Microsoft Visual Studio Solution File, Format Version 12.00
# Visual Studio Version 17
VisualStudioVersion = 17.11.35327.3
MinimumVisualStudioVersion = 10.0.40219.1
Project("{2150E333-8FDC-42A3-9474-1A3956D46DE8}") = "Frontend", "Frontend", "{2DBB4F24-2A72-4CB6-8FD4-3732278A3276}"
EndProject
Project("{2150E333-8FDC-42A3-9474-1A3956D46DE8}") = "Gateway", "Gateway", "{7F6A9898-9A8C-4529-BEF2-34C1EBAA1F05}"
EndProject
Project("{2150E333-8FDC-42A3-9474-1A3956D46DE8}") = "Integrations", "Integrations", "{21945D5E-4927-4D89-92DE-C86409355A87}"
EndProject
Project("{2150E333-8FDC-42A3-9474-1A3956D46DE8}") = "Services", "Services", "{218140C3-8396-41F7-9C72-EE3C5A40ED11}"
EndProject
Project("{2150E333-8FDC-42A3-9474-1A3956D46DE8}") = "Models", "Models", "{A2B8345F-1FF8-4FCA-B678-F3CBA872F10A}"
EndProject
Project("{9A19103F-16F7-4668-BE54-9A1E7A4F7556}") = "Mango.Services.CouponAPI", "..\Mango.Services.CouponAPI.Models\Mango.Services.CouponAPI.csproj", "{B12C814D-C36E-42D4-831B-917C069E0E6E}"
EndProject
Project("{9A19103F-16F7-4668-BE54-9A1E7A4F7556}") = "Mango.Services.ProductAPI", "..\Mango.Services.ProductAPI\Mango.Services.ProductAPI.csproj", "{834EAB0C-609F-43FF-8308-F1815A0DBA9F}"
EndProject
Project("{9A19103F-16F7-4668-BE54-9A1E7A4F7556}") = "Mango.Services.AuthAPI", "..\Mango.Services.AuthAPI\Mango.Services.AuthAPI.csproj", "{C921F411-9622-4BDE-A7A1-C1DB5A106E5B}"
EndProject
Global
	GlobalSection(SolutionConfigurationPlatforms) = preSolution
		Debug|Any CPU = Debug|Any CPU
		Release|Any CPU = Release|Any CPU
	EndGlobalSection
	GlobalSection(ProjectConfigurationPlatforms) = postSolution
		{B12C814D-C36E-42D4-831B-917C069E0E6E}.Debug|Any CPU.ActiveCfg = Debug|Any CPU
		{B12C814D-C36E-42D4-831B-917C069E0E6E}.Debug|Any CPU.Build.0 = Debug|Any CPU
		{B12C814D-C36E-42D4-831B-917C069E0E6E}.Release|Any CPU.ActiveCfg = Release|Any CPU
		{B12C814D-C36E-42D4-831B-917C069E0E6E}.Release|Any CPU.Build.0 = Release|Any CPU
		{834EAB0C-609F-43FF-8308-F1815A0DBA9F}.Debug|Any CPU.ActiveCfg = Debug|Any CPU
		{834EAB0C-609F-43FF-8308-F1815A0DBA9F}.Debug|Any CPU.Build.0 = Debug|Any CPU
		{834EAB0C-609F-43FF-8308-F1815A0DBA9F}.Release|Any CPU.ActiveCfg = Release|Any CPU
		{834EAB0C-609F-43FF-8308-F1815A0DBA9F}.Release|Any CPU.Build.0 = Release|Any CPU
		{C921F411-9622-4BDE-A7A1-C1DB5A106E5B}.Debug|Any CPU.ActiveCfg = Debug|Any CPU
		{C921F411-9622-4BDE-A7A1-C1DB5A106E5B}.Debug|Any CPU.Build.0 = Debug|Any CPU
		{C921F411-9622-4BDE-A7A1-C1DB5A106E5B}.Release|Any CPU.ActiveCfg = Release|Any CPU
		{C921F411-9622-4BDE-A7A1-C1DB5A106E5B}.Release|Any CPU.Build.0 = Release|Any CPU
	EndGlobalSection
	GlobalSection(SolutionProperties) = preSolution
		HideSolutionNode = FALSE
	EndGlobalSection
	GlobalSection(NestedProjects) = preSolution
		{B12C814D-C36E-42D4-831B-917C069E0E6E} = {218140C3-8396-41F7-9C72-EE3C5A40ED11}
		{834EAB0C-609F-43FF-8308-F1815A0DBA9F} = {218140C3-8396-41F7-9C72-EE3C5A40ED11}
		{C921F411-9622-4BDE-A7A1-C1DB5A106E5B} = {218140C3-8396-41F7-9C72-EE3C5A40ED11}
	EndGlobalSection
	GlobalSection(ExtensibilityGlobals) = postSolution
		SolutionGuid = {2FDFF11B-27A0-4CFF-8C1C-5E8B18AE9070}
	EndGlobalSection
EndGlobal
